
Microsoft Visual Studio Solution File, Format Version 11.00
# Visual Studio 2010
Project("{FAE04EC0-301F-11D3-BF4B-00C04F79EFBC}") = "Odin", "Odin\Odin.csproj", "{E020CE30-0076-496D-808E-BCC9C9042E6C}"
EndProject
Project("{2150E333-8FDC-42A3-9474-1A3956D46DE8}") = "Dependencies", "Dependencies", "{DABE5D8B-92D9-4421-B8A1-988176329225}"
EndProject
Project("{2150E333-8FDC-42A3-9474-1A3956D46DE8}") = "Graphs", "Graphs", "{66E78DFD-ADE9-47E2-9926-DE37A416A79B}"
EndProject
Project("{2150E333-8FDC-42A3-9474-1A3956D46DE8}") = "Networking", "Networking", "{F4993D6B-38DD-49C8-A44E-6D0D4B7A5035}"
EndProject
Project("{FAE04EC0-301F-11D3-BF4B-00C04F79EFBC}") = "Balder", "..\Balder\Balder\Balder.csproj", "{D2B4E7C7-0524-4DE5-9D62-2DE05682A74D}"
EndProject
Project("{FAE04EC0-301F-11D3-BF4B-00C04F79EFBC}") = "Blueprints", "..\Blueprints.NET\Blueprints\Blueprints.csproj", "{47FA1E7C-8C47-493D-A371-91A15D53BC95}"
EndProject
Project("{FAE04EC0-301F-11D3-BF4B-00C04F79EFBC}") = "PropertyGraphs", "..\Blueprints.NET\PropertyGraphs\PropertyGraphs.csproj", "{562AC94F-60EA-4911-8C62-684F02867783}"
EndProject
Project("{FAE04EC0-301F-11D3-BF4B-00C04F79EFBC}") = "JurassicGraphs", "..\Blueprints.NET\JurassicGraphs\JurassicGraphs.csproj", "{B84C5392-CA7E-4F8A-A406-A55E31C1B04A}"
EndProject
Project("{FAE04EC0-301F-11D3-BF4B-00C04F79EFBC}") = "BlueprintsTests", "..\Blueprints.NET\BlueprintsTests\BlueprintsTests.csproj", "{7F4CE297-4A42-47A8-9A0A-74BA46B09891}"
EndProject
Project("{2150E333-8FDC-42A3-9474-1A3956D46DE8}") = "UnitTests", "UnitTests", "{A57EB780-31A7-4731-9ABD-0771F874D6DE}"
EndProject
Project("{2150E333-8FDC-42A3-9474-1A3956D46DE8}") = "Graphs", "Graphs", "{4B37B0FD-4C3D-4B7F-8A12-0C0F010E0014}"
EndProject
Project("{FAE04EC0-301F-11D3-BF4B-00C04F79EFBC}") = "BalderTests", "..\Balder\BalderTests\BalderTests.csproj", "{4BF95036-986A-47EE-B48E-CF8C2B0E7841}"
EndProject
Project("{FAE04EC0-301F-11D3-BF4B-00C04F79EFBC}") = "Commons", "..\Illias\Commons\Commons.csproj", "{16C85DF8-5DE6-4A9F-9FC7-7CA5B0440DF3}"
EndProject
Project("{FAE04EC0-301F-11D3-BF4B-00C04F79EFBC}") = "CommonsTests", "..\Illias\CommonsTests\CommonsTests.csproj", "{02A5F706-A9AC-46BE-A428-EA6F990D8E21}"
EndProject
Project("{FAE04EC0-301F-11D3-BF4B-00C04F79EFBC}") = "Styx", "..\Styx\Styx\Styx.csproj", "{3949790D-8591-4101-9E4D-CE7A758E7409}"
EndProject
Project("{FAE04EC0-301F-11D3-BF4B-00C04F79EFBC}") = "StyxTests", "..\Styx\StyxTests\StyxTests.csproj", "{6F2452F5-BF16-4577-9C5A-85C8D7B5289D}"
EndProject
Project("{FAE04EC0-301F-11D3-BF4B-00C04F79EFBC}") = "Bifrost", "..\Bifrost\Bifrost\Bifrost.csproj", "{F6FA73F9-14B4-4033-AAFE-9BFA66BD98F5}"
EndProject
Project("{FAE04EC0-301F-11D3-BF4B-00C04F79EFBC}") = "BifrostHTTPClient", "..\Bifrost\BifrostHTTPClient\BifrostHTTPClient.csproj", "{EB31E37B-FA75-44FD-9528-171C9E7C3C37}"
EndProject
Project("{FAE04EC0-301F-11D3-BF4B-00C04F79EFBC}") = "BifrostHTTPServer", "..\Bifrost\BifrostHTTPServer\BifrostHTTPServer.csproj", "{DC46B5EF-ECC5-465E-B1C4-85596343A03F}"
EndProject
Project("{FAE04EC0-301F-11D3-BF4B-00C04F79EFBC}") = "BifrostTests", "..\Bifrost\BifrostTests\BifrostTests.csproj", "{3327427D-AFA0-4E8D-8136-424C4AC4C16D}"
EndProject
Project("{2150E333-8FDC-42A3-9474-1A3956D46DE8}") = "Networking", "Networking", "{34DD52D4-587B-46A7-B4A8-FE87D13B6750}"
EndProject
Project("{FAE04EC0-301F-11D3-BF4B-00C04F79EFBC}") = "Hermod", "..\Hermod\Hermod\Hermod.csproj", "{477EFD16-3627-4473-957D-44CA9A9DFB79}"
EndProject
Project("{FAE04EC0-301F-11D3-BF4B-00C04F79EFBC}") = "HermodTests", "..\Hermod\HermodTests\HermodTests.csproj", "{A39FCA19-7716-4A16-8449-D14B7251128A}"
EndProject
Global
	GlobalSection(SolutionConfigurationPlatforms) = preSolution
		Debug|Any CPU = Debug|Any CPU
		Debug|Mixed Platforms = Debug|Mixed Platforms
		Debug|x86 = Debug|x86
		Release|Any CPU = Release|Any CPU
		Release|Mixed Platforms = Release|Mixed Platforms
		Release|x86 = Release|x86
	EndGlobalSection
	GlobalSection(ProjectConfigurationPlatforms) = postSolution
		{E020CE30-0076-496D-808E-BCC9C9042E6C}.Debug|Any CPU.ActiveCfg = Debug|x86
		{E020CE30-0076-496D-808E-BCC9C9042E6C}.Debug|Mixed Platforms.ActiveCfg = Debug|Any CPU
		{E020CE30-0076-496D-808E-BCC9C9042E6C}.Debug|Mixed Platforms.Build.0 = Debug|Any CPU
		{E020CE30-0076-496D-808E-BCC9C9042E6C}.Debug|x86.ActiveCfg = Debug|x86
		{E020CE30-0076-496D-808E-BCC9C9042E6C}.Debug|x86.Build.0 = Debug|x86
		{E020CE30-0076-496D-808E-BCC9C9042E6C}.Release|Any CPU.ActiveCfg = Release|x86
		{E020CE30-0076-496D-808E-BCC9C9042E6C}.Release|Mixed Platforms.ActiveCfg = Release|x86
		{E020CE30-0076-496D-808E-BCC9C9042E6C}.Release|Mixed Platforms.Build.0 = Release|x86
		{E020CE30-0076-496D-808E-BCC9C9042E6C}.Release|x86.ActiveCfg = Release|x86
		{E020CE30-0076-496D-808E-BCC9C9042E6C}.Release|x86.Build.0 = Release|x86
		{D2B4E7C7-0524-4DE5-9D62-2DE05682A74D}.Debug|Any CPU.ActiveCfg = Debug|Any CPU
		{D2B4E7C7-0524-4DE5-9D62-2DE05682A74D}.Debug|Any CPU.Build.0 = Debug|Any CPU
		{D2B4E7C7-0524-4DE5-9D62-2DE05682A74D}.Debug|Mixed Platforms.ActiveCfg = Debug|Any CPU
		{D2B4E7C7-0524-4DE5-9D62-2DE05682A74D}.Debug|Mixed Platforms.Build.0 = Debug|Any CPU
		{D2B4E7C7-0524-4DE5-9D62-2DE05682A74D}.Debug|x86.ActiveCfg = Debug|Any CPU
		{D2B4E7C7-0524-4DE5-9D62-2DE05682A74D}.Release|Any CPU.ActiveCfg = Release|Any CPU
		{D2B4E7C7-0524-4DE5-9D62-2DE05682A74D}.Release|Any CPU.Build.0 = Release|Any CPU
		{D2B4E7C7-0524-4DE5-9D62-2DE05682A74D}.Release|Mixed Platforms.ActiveCfg = Release|Any CPU
		{D2B4E7C7-0524-4DE5-9D62-2DE05682A74D}.Release|Mixed Platforms.Build.0 = Release|Any CPU
		{D2B4E7C7-0524-4DE5-9D62-2DE05682A74D}.Release|x86.ActiveCfg = Release|Any CPU
		{47FA1E7C-8C47-493D-A371-91A15D53BC95}.Debug|Any CPU.ActiveCfg = Debug|Any CPU
		{47FA1E7C-8C47-493D-A371-91A15D53BC95}.Debug|Any CPU.Build.0 = Debug|Any CPU
		{47FA1E7C-8C47-493D-A371-91A15D53BC95}.Debug|Mixed Platforms.ActiveCfg = Debug|Any CPU
		{47FA1E7C-8C47-493D-A371-91A15D53BC95}.Debug|Mixed Platforms.Build.0 = Debug|Any CPU
		{47FA1E7C-8C47-493D-A371-91A15D53BC95}.Debug|x86.ActiveCfg = Debug|Any CPU
		{47FA1E7C-8C47-493D-A371-91A15D53BC95}.Release|Any CPU.ActiveCfg = Release|Any CPU
		{47FA1E7C-8C47-493D-A371-91A15D53BC95}.Release|Any CPU.Build.0 = Release|Any CPU
		{47FA1E7C-8C47-493D-A371-91A15D53BC95}.Release|Mixed Platforms.ActiveCfg = Release|Any CPU
		{47FA1E7C-8C47-493D-A371-91A15D53BC95}.Release|Mixed Platforms.Build.0 = Release|Any CPU
		{47FA1E7C-8C47-493D-A371-91A15D53BC95}.Release|x86.ActiveCfg = Release|Any CPU
		{562AC94F-60EA-4911-8C62-684F02867783}.Debug|Any CPU.ActiveCfg = Debug|Any CPU
		{562AC94F-60EA-4911-8C62-684F02867783}.Debug|Any CPU.Build.0 = Debug|Any CPU
		{562AC94F-60EA-4911-8C62-684F02867783}.Debug|Mixed Platforms.ActiveCfg = Debug|Any CPU
		{562AC94F-60EA-4911-8C62-684F02867783}.Debug|Mixed Platforms.Build.0 = Debug|Any CPU
		{562AC94F-60EA-4911-8C62-684F02867783}.Debug|x86.ActiveCfg = Debug|Any CPU
		{562AC94F-60EA-4911-8C62-684F02867783}.Release|Any CPU.ActiveCfg = Release|Any CPU
		{562AC94F-60EA-4911-8C62-684F02867783}.Release|Any CPU.Build.0 = Release|Any CPU
		{562AC94F-60EA-4911-8C62-684F02867783}.Release|Mixed Platforms.ActiveCfg = Release|Any CPU
		{562AC94F-60EA-4911-8C62-684F02867783}.Release|Mixed Platforms.Build.0 = Release|Any CPU
		{562AC94F-60EA-4911-8C62-684F02867783}.Release|x86.ActiveCfg = Release|Any CPU
		{B84C5392-CA7E-4F8A-A406-A55E31C1B04A}.Debug|Any CPU.ActiveCfg = Debug|Any CPU
		{B84C5392-CA7E-4F8A-A406-A55E31C1B04A}.Debug|Any CPU.Build.0 = Debug|Any CPU
		{B84C5392-CA7E-4F8A-A406-A55E31C1B04A}.Debug|Mixed Platforms.ActiveCfg = Debug|Any CPU
		{B84C5392-CA7E-4F8A-A406-A55E31C1B04A}.Debug|Mixed Platforms.Build.0 = Debug|Any CPU
		{B84C5392-CA7E-4F8A-A406-A55E31C1B04A}.Debug|x86.ActiveCfg = Debug|Any CPU
		{B84C5392-CA7E-4F8A-A406-A55E31C1B04A}.Release|Any CPU.ActiveCfg = Release|Any CPU
		{B84C5392-CA7E-4F8A-A406-A55E31C1B04A}.Release|Any CPU.Build.0 = Release|Any CPU
		{B84C5392-CA7E-4F8A-A406-A55E31C1B04A}.Release|Mixed Platforms.ActiveCfg = Release|Any CPU
		{B84C5392-CA7E-4F8A-A406-A55E31C1B04A}.Release|Mixed Platforms.Build.0 = Release|Any CPU
		{B84C5392-CA7E-4F8A-A406-A55E31C1B04A}.Release|x86.ActiveCfg = Release|Any CPU
		{7F4CE297-4A42-47A8-9A0A-74BA46B09891}.Debug|Any CPU.ActiveCfg = Debug|Any CPU
		{7F4CE297-4A42-47A8-9A0A-74BA46B09891}.Debug|Any CPU.Build.0 = Debug|Any CPU
		{7F4CE297-4A42-47A8-9A0A-74BA46B09891}.Debug|Mixed Platforms.ActiveCfg = Debug|Any CPU
		{7F4CE297-4A42-47A8-9A0A-74BA46B09891}.Debug|Mixed Platforms.Build.0 = Debug|Any CPU
		{7F4CE297-4A42-47A8-9A0A-74BA46B09891}.Debug|x86.ActiveCfg = Debug|Any CPU
		{7F4CE297-4A42-47A8-9A0A-74BA46B09891}.Release|Any CPU.ActiveCfg = Release|Any CPU
		{7F4CE297-4A42-47A8-9A0A-74BA46B09891}.Release|Any CPU.Build.0 = Release|Any CPU
		{7F4CE297-4A42-47A8-9A0A-74BA46B09891}.Release|Mixed Platforms.ActiveCfg = Release|Any CPU
		{7F4CE297-4A42-47A8-9A0A-74BA46B09891}.Release|Mixed Platforms.Build.0 = Release|Any CPU
		{7F4CE297-4A42-47A8-9A0A-74BA46B09891}.Release|x86.ActiveCfg = Release|Any CPU
		{4BF95036-986A-47EE-B48E-CF8C2B0E7841}.Debug|Any CPU.ActiveCfg = Debug|Any CPU
		{4BF95036-986A-47EE-B48E-CF8C2B0E7841}.Debug|Any CPU.Build.0 = Debug|Any CPU
		{4BF95036-986A-47EE-B48E-CF8C2B0E7841}.Debug|Mixed Platforms.ActiveCfg = Debug|Any CPU
		{4BF95036-986A-47EE-B48E-CF8C2B0E7841}.Debug|Mixed Platforms.Build.0 = Debug|Any CPU
		{4BF95036-986A-47EE-B48E-CF8C2B0E7841}.Debug|x86.ActiveCfg = Debug|Any CPU
		{4BF95036-986A-47EE-B48E-CF8C2B0E7841}.Release|Any CPU.ActiveCfg = Release|Any CPU
		{4BF95036-986A-47EE-B48E-CF8C2B0E7841}.Release|Any CPU.Build.0 = Release|Any CPU
		{4BF95036-986A-47EE-B48E-CF8C2B0E7841}.Release|Mixed Platforms.ActiveCfg = Release|Any CPU
		{4BF95036-986A-47EE-B48E-CF8C2B0E7841}.Release|Mixed Platforms.Build.0 = Release|Any CPU
		{4BF95036-986A-47EE-B48E-CF8C2B0E7841}.Release|x86.ActiveCfg = Release|Any CPU
		{16C85DF8-5DE6-4A9F-9FC7-7CA5B0440DF3}.Debug|Any CPU.ActiveCfg = Debug|Any CPU
		{16C85DF8-5DE6-4A9F-9FC7-7CA5B0440DF3}.Debug|Any CPU.Build.0 = Debug|Any CPU
		{16C85DF8-5DE6-4A9F-9FC7-7CA5B0440DF3}.Debug|Mixed Platforms.ActiveCfg = Debug|Any CPU
		{16C85DF8-5DE6-4A9F-9FC7-7CA5B0440DF3}.Debug|Mixed Platforms.Build.0 = Debug|Any CPU
		{16C85DF8-5DE6-4A9F-9FC7-7CA5B0440DF3}.Debug|x86.ActiveCfg = Debug|Any CPU
		{16C85DF8-5DE6-4A9F-9FC7-7CA5B0440DF3}.Release|Any CPU.ActiveCfg = Release|Any CPU
		{16C85DF8-5DE6-4A9F-9FC7-7CA5B0440DF3}.Release|Any CPU.Build.0 = Release|Any CPU
		{16C85DF8-5DE6-4A9F-9FC7-7CA5B0440DF3}.Release|Mixed Platforms.ActiveCfg = Release|Any CPU
		{16C85DF8-5DE6-4A9F-9FC7-7CA5B0440DF3}.Release|Mixed Platforms.Build.0 = Release|Any CPU
		{16C85DF8-5DE6-4A9F-9FC7-7CA5B0440DF3}.Release|x86.ActiveCfg = Release|Any CPU
		{02A5F706-A9AC-46BE-A428-EA6F990D8E21}.Debug|Any CPU.ActiveCfg = Debug|Any CPU
		{02A5F706-A9AC-46BE-A428-EA6F990D8E21}.Debug|Any CPU.Build.0 = Debug|Any CPU
		{02A5F706-A9AC-46BE-A428-EA6F990D8E21}.Debug|Mixed Platforms.ActiveCfg = Debug|Any CPU
		{02A5F706-A9AC-46BE-A428-EA6F990D8E21}.Debug|Mixed Platforms.Build.0 = Debug|Any CPU
		{02A5F706-A9AC-46BE-A428-EA6F990D8E21}.Debug|x86.ActiveCfg = Debug|Any CPU
		{02A5F706-A9AC-46BE-A428-EA6F990D8E21}.Release|Any CPU.ActiveCfg = Release|Any CPU
		{02A5F706-A9AC-46BE-A428-EA6F990D8E21}.Release|Any CPU.Build.0 = Release|Any CPU
		{02A5F706-A9AC-46BE-A428-EA6F990D8E21}.Release|Mixed Platforms.ActiveCfg = Release|Any CPU
		{02A5F706-A9AC-46BE-A428-EA6F990D8E21}.Release|Mixed Platforms.Build.0 = Release|Any CPU
		{02A5F706-A9AC-46BE-A428-EA6F990D8E21}.Release|x86.ActiveCfg = Release|Any CPU
		{3949790D-8591-4101-9E4D-CE7A758E7409}.Debug|Any CPU.ActiveCfg = Debug|Any CPU
		{3949790D-8591-4101-9E4D-CE7A758E7409}.Debug|Any CPU.Build.0 = Debug|Any CPU
		{3949790D-8591-4101-9E4D-CE7A758E7409}.Debug|Mixed Platforms.ActiveCfg = Debug|Any CPU
		{3949790D-8591-4101-9E4D-CE7A758E7409}.Debug|Mixed Platforms.Build.0 = Debug|Any CPU
		{3949790D-8591-4101-9E4D-CE7A758E7409}.Debug|x86.ActiveCfg = Debug|Any CPU
		{3949790D-8591-4101-9E4D-CE7A758E7409}.Release|Any CPU.ActiveCfg = Release|Any CPU
		{3949790D-8591-4101-9E4D-CE7A758E7409}.Release|Any CPU.Build.0 = Release|Any CPU
		{3949790D-8591-4101-9E4D-CE7A758E7409}.Release|Mixed Platforms.ActiveCfg = Release|Any CPU
		{3949790D-8591-4101-9E4D-CE7A758E7409}.Release|Mixed Platforms.Build.0 = Release|Any CPU
		{3949790D-8591-4101-9E4D-CE7A758E7409}.Release|x86.ActiveCfg = Release|Any CPU
		{6F2452F5-BF16-4577-9C5A-85C8D7B5289D}.Debug|Any CPU.ActiveCfg = Debug|Any CPU
		{6F2452F5-BF16-4577-9C5A-85C8D7B5289D}.Debug|Any CPU.Build.0 = Debug|Any CPU
		{6F2452F5-BF16-4577-9C5A-85C8D7B5289D}.Debug|Mixed Platforms.ActiveCfg = Debug|Any CPU
		{6F2452F5-BF16-4577-9C5A-85C8D7B5289D}.Debug|Mixed Platforms.Build.0 = Debug|Any CPU
		{6F2452F5-BF16-4577-9C5A-85C8D7B5289D}.Debug|x86.ActiveCfg = Debug|Any CPU
		{6F2452F5-BF16-4577-9C5A-85C8D7B5289D}.Release|Any CPU.ActiveCfg = Release|Any CPU
		{6F2452F5-BF16-4577-9C5A-85C8D7B5289D}.Release|Any CPU.Build.0 = Release|Any CPU
		{6F2452F5-BF16-4577-9C5A-85C8D7B5289D}.Release|Mixed Platforms.ActiveCfg = Release|Any CPU
		{6F2452F5-BF16-4577-9C5A-85C8D7B5289D}.Release|Mixed Platforms.Build.0 = Release|Any CPU
		{6F2452F5-BF16-4577-9C5A-85C8D7B5289D}.Release|x86.ActiveCfg = Release|Any CPU
		{F6FA73F9-14B4-4033-AAFE-9BFA66BD98F5}.Debug|Any CPU.ActiveCfg = Debug|Any CPU
		{F6FA73F9-14B4-4033-AAFE-9BFA66BD98F5}.Debug|Any CPU.Build.0 = Debug|Any CPU
		{F6FA73F9-14B4-4033-AAFE-9BFA66BD98F5}.Debug|Mixed Platforms.ActiveCfg = Debug|Any CPU
		{F6FA73F9-14B4-4033-AAFE-9BFA66BD98F5}.Debug|Mixed Platforms.Build.0 = Debug|Any CPU
		{F6FA73F9-14B4-4033-AAFE-9BFA66BD98F5}.Debug|x86.ActiveCfg = Debug|Any CPU
		{F6FA73F9-14B4-4033-AAFE-9BFA66BD98F5}.Release|Any CPU.ActiveCfg = Release|Any CPU
		{F6FA73F9-14B4-4033-AAFE-9BFA66BD98F5}.Release|Any CPU.Build.0 = Release|Any CPU
		{F6FA73F9-14B4-4033-AAFE-9BFA66BD98F5}.Release|Mixed Platforms.ActiveCfg = Release|Any CPU
		{F6FA73F9-14B4-4033-AAFE-9BFA66BD98F5}.Release|Mixed Platforms.Build.0 = Release|Any CPU
		{F6FA73F9-14B4-4033-AAFE-9BFA66BD98F5}.Release|x86.ActiveCfg = Release|Any CPU
		{EB31E37B-FA75-44FD-9528-171C9E7C3C37}.Debug|Any CPU.ActiveCfg = Debug|Any CPU
		{EB31E37B-FA75-44FD-9528-171C9E7C3C37}.Debug|Any CPU.Build.0 = Debug|Any CPU
		{EB31E37B-FA75-44FD-9528-171C9E7C3C37}.Debug|Mixed Platforms.ActiveCfg = Debug|Any CPU
		{EB31E37B-FA75-44FD-9528-171C9E7C3C37}.Debug|Mixed Platforms.Build.0 = Debug|Any CPU
		{EB31E37B-FA75-44FD-9528-171C9E7C3C37}.Debug|x86.ActiveCfg = Debug|Any CPU
		{EB31E37B-FA75-44FD-9528-171C9E7C3C37}.Release|Any CPU.ActiveCfg = Release|Any CPU
		{EB31E37B-FA75-44FD-9528-171C9E7C3C37}.Release|Any CPU.Build.0 = Release|Any CPU
		{EB31E37B-FA75-44FD-9528-171C9E7C3C37}.Release|Mixed Platforms.ActiveCfg = Release|Any CPU
		{EB31E37B-FA75-44FD-9528-171C9E7C3C37}.Release|Mixed Platforms.Build.0 = Release|Any CPU
		{EB31E37B-FA75-44FD-9528-171C9E7C3C37}.Release|x86.ActiveCfg = Release|Any CPU
		{DC46B5EF-ECC5-465E-B1C4-85596343A03F}.Debug|Any CPU.ActiveCfg = Debug|Any CPU
		{DC46B5EF-ECC5-465E-B1C4-85596343A03F}.Debug|Any CPU.Build.0 = Debug|Any CPU
		{DC46B5EF-ECC5-465E-B1C4-85596343A03F}.Debug|Mixed Platforms.ActiveCfg = Debug|Any CPU
		{DC46B5EF-ECC5-465E-B1C4-85596343A03F}.Debug|Mixed Platforms.Build.0 = Debug|Any CPU
		{DC46B5EF-ECC5-465E-B1C4-85596343A03F}.Debug|x86.ActiveCfg = Debug|Any CPU
		{DC46B5EF-ECC5-465E-B1C4-85596343A03F}.Release|Any CPU.ActiveCfg = Release|Any CPU
		{DC46B5EF-ECC5-465E-B1C4-85596343A03F}.Release|Any CPU.Build.0 = Release|Any CPU
		{DC46B5EF-ECC5-465E-B1C4-85596343A03F}.Release|Mixed Platforms.ActiveCfg = Release|Any CPU
		{DC46B5EF-ECC5-465E-B1C4-85596343A03F}.Release|Mixed Platforms.Build.0 = Release|Any CPU
		{DC46B5EF-ECC5-465E-B1C4-85596343A03F}.Release|x86.ActiveCfg = Release|Any CPU
		{3327427D-AFA0-4E8D-8136-424C4AC4C16D}.Debug|Any CPU.ActiveCfg = Debug|Any CPU
		{3327427D-AFA0-4E8D-8136-424C4AC4C16D}.Debug|Any CPU.Build.0 = Debug|Any CPU
		{3327427D-AFA0-4E8D-8136-424C4AC4C16D}.Debug|Mixed Platforms.ActiveCfg = Debug|Any CPU
		{3327427D-AFA0-4E8D-8136-424C4AC4C16D}.Debug|Mixed Platforms.Build.0 = Debug|Any CPU
		{3327427D-AFA0-4E8D-8136-424C4AC4C16D}.Debug|x86.ActiveCfg = Debug|Any CPU
		{3327427D-AFA0-4E8D-8136-424C4AC4C16D}.Release|Any CPU.ActiveCfg = Release|Any CPU
		{3327427D-AFA0-4E8D-8136-424C4AC4C16D}.Release|Any CPU.Build.0 = Release|Any CPU
		{3327427D-AFA0-4E8D-8136-424C4AC4C16D}.Release|Mixed Platforms.ActiveCfg = Release|Any CPU
		{3327427D-AFA0-4E8D-8136-424C4AC4C16D}.Release|Mixed Platforms.Build.0 = Release|Any CPU
		{3327427D-AFA0-4E8D-8136-424C4AC4C16D}.Release|x86.ActiveCfg = Release|Any CPU
		{477EFD16-3627-4473-957D-44CA9A9DFB79}.Debug|Any CPU.ActiveCfg = Debug|Any CPU
		{477EFD16-3627-4473-957D-44CA9A9DFB79}.Debug|Any CPU.Build.0 = Debug|Any CPU
		{477EFD16-3627-4473-957D-44CA9A9DFB79}.Debug|Mixed Platforms.ActiveCfg = Debug|Any CPU
		{477EFD16-3627-4473-957D-44CA9A9DFB79}.Debug|Mixed Platforms.Build.0 = Debug|Any CPU
		{477EFD16-3627-4473-957D-44CA9A9DFB79}.Debug|x86.ActiveCfg = Debug|Any CPU
		{477EFD16-3627-4473-957D-44CA9A9DFB79}.Release|Any CPU.ActiveCfg = Release|Any CPU
		{477EFD16-3627-4473-957D-44CA9A9DFB79}.Release|Any CPU.Build.0 = Release|Any CPU
		{477EFD16-3627-4473-957D-44CA9A9DFB79}.Release|Mixed Platforms.ActiveCfg = Release|Any CPU
		{477EFD16-3627-4473-957D-44CA9A9DFB79}.Release|Mixed Platforms.Build.0 = Release|Any CPU
		{477EFD16-3627-4473-957D-44CA9A9DFB79}.Release|x86.ActiveCfg = Release|Any CPU
		{A39FCA19-7716-4A16-8449-D14B7251128A}.Debug|Any CPU.ActiveCfg = Debug|Any CPU
		{A39FCA19-7716-4A16-8449-D14B7251128A}.Debug|Any CPU.Build.0 = Debug|Any CPU
		{A39FCA19-7716-4A16-8449-D14B7251128A}.Debug|Mixed Platforms.ActiveCfg = Debug|Any CPU
		{A39FCA19-7716-4A16-8449-D14B7251128A}.Debug|Mixed Platforms.Build.0 = Debug|Any CPU
		{A39FCA19-7716-4A16-8449-D14B7251128A}.Debug|x86.ActiveCfg = Debug|Any CPU
		{A39FCA19-7716-4A16-8449-D14B7251128A}.Release|Any CPU.ActiveCfg = Release|Any CPU
		{A39FCA19-7716-4A16-8449-D14B7251128A}.Release|Any CPU.Build.0 = Release|Any CPU
		{A39FCA19-7716-4A16-8449-D14B7251128A}.Release|Mixed Platforms.ActiveCfg = Release|Any CPU
		{A39FCA19-7716-4A16-8449-D14B7251128A}.Release|Mixed Platforms.Build.0 = Release|Any CPU
		{A39FCA19-7716-4A16-8449-D14B7251128A}.Release|x86.ActiveCfg = Release|Any CPU
	EndGlobalSection
	GlobalSection(SolutionProperties) = preSolution
		HideSolutionNode = FALSE
	EndGlobalSection
	GlobalSection(NestedProjects) = preSolution
		{66E78DFD-ADE9-47E2-9926-DE37A416A79B} = {DABE5D8B-92D9-4421-B8A1-988176329225}
		{F4993D6B-38DD-49C8-A44E-6D0D4B7A5035} = {DABE5D8B-92D9-4421-B8A1-988176329225}
		{16C85DF8-5DE6-4A9F-9FC7-7CA5B0440DF3} = {DABE5D8B-92D9-4421-B8A1-988176329225}
		{3949790D-8591-4101-9E4D-CE7A758E7409} = {DABE5D8B-92D9-4421-B8A1-988176329225}
		{D2B4E7C7-0524-4DE5-9D62-2DE05682A74D} = {66E78DFD-ADE9-47E2-9926-DE37A416A79B}
		{47FA1E7C-8C47-493D-A371-91A15D53BC95} = {66E78DFD-ADE9-47E2-9926-DE37A416A79B}
		{562AC94F-60EA-4911-8C62-684F02867783} = {66E78DFD-ADE9-47E2-9926-DE37A416A79B}
		{B84C5392-CA7E-4F8A-A406-A55E31C1B04A} = {66E78DFD-ADE9-47E2-9926-DE37A416A79B}
		{F6FA73F9-14B4-4033-AAFE-9BFA66BD98F5} = {F4993D6B-38DD-49C8-A44E-6D0D4B7A5035}
		{EB31E37B-FA75-44FD-9528-171C9E7C3C37} = {F4993D6B-38DD-49C8-A44E-6D0D4B7A5035}
		{DC46B5EF-ECC5-465E-B1C4-85596343A03F} = {F4993D6B-38DD-49C8-A44E-6D0D4B7A5035}
		{477EFD16-3627-4473-957D-44CA9A9DFB79} = {F4993D6B-38DD-49C8-A44E-6D0D4B7A5035}
		{4B37B0FD-4C3D-4B7F-8A12-0C0F010E0014} = {A57EB780-31A7-4731-9ABD-0771F874D6DE}
		{02A5F706-A9AC-46BE-A428-EA6F990D8E21} = {A57EB780-31A7-4731-9ABD-0771F874D6DE}
		{6F2452F5-BF16-4577-9C5A-85C8D7B5289D} = {A57EB780-31A7-4731-9ABD-0771F874D6DE}
		{34DD52D4-587B-46A7-B4A8-FE87D13B6750} = {A57EB780-31A7-4731-9ABD-0771F874D6DE}
		{7F4CE297-4A42-47A8-9A0A-74BA46B09891} = {4B37B0FD-4C3D-4B7F-8A12-0C0F010E0014}
		{4BF95036-986A-47EE-B48E-CF8C2B0E7841} = {4B37B0FD-4C3D-4B7F-8A12-0C0F010E0014}
		{3327427D-AFA0-4E8D-8136-424C4AC4C16D} = {34DD52D4-587B-46A7-B4A8-FE87D13B6750}
		{A39FCA19-7716-4A16-8449-D14B7251128A} = {34DD52D4-587B-46A7-B4A8-FE87D13B6750}
	EndGlobalSection
EndGlobal
